// !$*UTF8*$!
{
	archiveVersion = 1;
	classes = {
	};
	objectVersion = 48;
	objects = {

/* Begin PBXBuildFile section */
		FE1C7EE72191276100829D86 /* AppDelegate.swift in Sources */ = {isa = PBXBuildFile; fileRef = FE1C7EE62191276100829D86 /* AppDelegate.swift */; };
		FE1C7EE92191276100829D86 /* ViewController.swift in Sources */ = {isa = PBXBuildFile; fileRef = FE1C7EE82191276100829D86 /* ViewController.swift */; };
		FE1C7EEC2191276200829D86 /* Main.storyboard in Resources */ = {isa = PBXBuildFile; fileRef = FE1C7EEA2191276200829D86 /* Main.storyboard */; };
		FE1C7EEE2191276200829D86 /* Assets.xcassets in Resources */ = {isa = PBXBuildFile; fileRef = FE1C7EED2191276200829D86 /* Assets.xcassets */; };
		FE1C7EF12191276200829D86 /* LaunchScreen.storyboard in Resources */ = {isa = PBXBuildFile; fileRef = FE1C7EEF2191276200829D86 /* LaunchScreen.storyboard */; };
		FE1C7EF921912D2E00829D86 /* BeritaCell.swift in Sources */ = {isa = PBXBuildFile; fileRef = FE1C7EF821912D2E00829D86 /* BeritaCell.swift */; };
		FE2676012192EDEC004AEBFF /* NewsDetailController.swift in Sources */ = {isa = PBXBuildFile; fileRef = FE2676002192EDEC004AEBFF /* NewsDetailController.swift */; };
		FEF45BBC219270D9002EB348 /* Berita.swift in Sources */ = {isa = PBXBuildFile; fileRef = FEF45BBB219270D9002EB348 /* Berita.swift */; };
/* End PBXBuildFile section */

/* Begin PBXFileReference section */
		FE1C7EE32191276100829D86 /* Fetching and Parsing JSON.app */ = {isa = PBXFileReference; explicitFileType = wrapper.application; includeInIndex = 0; path = "Fetching and Parsing JSON.app"; sourceTree = BUILT_PRODUCTS_DIR; };
		FE1C7EE62191276100829D86 /* AppDelegate.swift */ = {isa = PBXFileReference; lastKnownFileType = sourcecode.swift; path = AppDelegate.swift; sourceTree = "<group>"; };
		FE1C7EE82191276100829D86 /* ViewController.swift */ = {isa = PBXFileReference; lastKnownFileType = sourcecode.swift; path = ViewController.swift; sourceTree = "<group>"; };
		FE1C7EEB2191276200829D86 /* Base */ = {isa = PBXFileReference; lastKnownFileType = file.storyboard; name = Base; path = Base.lproj/Main.storyboard; sourceTree = "<group>"; };
		FE1C7EED2191276200829D86 /* Assets.xcassets */ = {isa = PBXFileReference; lastKnownFileType = folder.assetcatalog; path = Assets.xcassets; sourceTree = "<group>"; };
		FE1C7EF02191276200829D86 /* Base */ = {isa = PBXFileReference; lastKnownFileType = file.storyboard; name = Base; path = Base.lproj/LaunchScreen.storyboard; sourceTree = "<group>"; };
		FE1C7EF22191276200829D86 /* Info.plist */ = {isa = PBXFileReference; lastKnownFileType = text.plist.xml; path = Info.plist; sourceTree = "<group>"; };
		FE1C7EF821912D2E00829D86 /* BeritaCell.swift */ = {isa = PBXFileReference; lastKnownFileType = sourcecode.swift; path = BeritaCell.swift; sourceTree = "<group>"; };
		FE2676002192EDEC004AEBFF /* NewsDetailController.swift */ = {isa = PBXFileReference; lastKnownFileType = sourcecode.swift; path = NewsDetailController.swift; sourceTree = "<group>"; };
		FEF45BBB219270D9002EB348 /* Berita.swift */ = {isa = PBXFileReference; lastKnownFileType = sourcecode.swift; path = Berita.swift; sourceTree = "<group>"; };
/* End PBXFileReference section */

/* Begin PBXFrameworksBuildPhase section */
		FE1C7EE02191276100829D86 /* Frameworks */ = {
			isa = PBXFrameworksBuildPhase;
			buildActionMask = 2147483647;
			files = (
			);
			runOnlyForDeploymentPostprocessing = 0;
		};
/* End PBXFrameworksBuildPhase section */

/* Begin PBXGroup section */
		FE1C7EDA2191276100829D86 = {
			isa = PBXGroup;
			children = (
				FE1C7EE52191276100829D86 /* Fetching and Parsing JSON */,
				FE1C7EE42191276100829D86 /* Products */,
			);
			sourceTree = "<group>";
		};
		FE1C7EE42191276100829D86 /* Products */ = {
			isa = PBXGroup;
			children = (
				FE1C7EE32191276100829D86 /* Fetching and Parsing JSON.app */,
			);
			name = Products;
			sourceTree = "<group>";
		};
		FE1C7EE52191276100829D86 /* Fetching and Parsing JSON */ = {
			isa = PBXGroup;
			children = (
				FE1C7EE62191276100829D86 /* AppDelegate.swift */,
				FE1C7EE82191276100829D86 /* ViewController.swift */,
				FEF45BBB219270D9002EB348 /* Berita.swift */,
				FE1C7EF821912D2E00829D86 /* BeritaCell.swift */,
				FE1C7EEA2191276200829D86 /* Main.storyboard */,
				FE2676002192EDEC004AEBFF /* NewsDetailController.swift */,
				FE1C7EED2191276200829D86 /* Assets.xcassets */,
				FE1C7EEF2191276200829D86 /* LaunchScreen.storyboard */,
				FE1C7EF22191276200829D86 /* Info.plist */,
			);
			path = "Fetching and Parsing JSON";
			sourceTree = "<group>";
		};
/* End PBXGroup section */

/* Begin PBXNativeTarget section */
		FE1C7EE22191276100829D86 /* Fetching and Parsing JSON */ = {
			isa = PBXNativeTarget;
			buildConfigurationList = FE1C7EF52191276200829D86 /* Build configuration list for PBXNativeTarget "Fetching and Parsing JSON" */;
			buildPhases = (
				FE1C7EDF2191276100829D86 /* Sources */,
				FE1C7EE02191276100829D86 /* Frameworks */,
				FE1C7EE12191276100829D86 /* Resources */,
			);
			buildRules = (
			);
			dependencies = (
			);
			name = "Fetching and Parsing JSON";
			productName = "Fetching and Parsing JSON";
			productReference = FE1C7EE32191276100829D86 /* Fetching and Parsing JSON.app */;
			productType = "com.apple.product-type.application";
		};
/* End PBXNativeTarget section */

/* Begin PBXProject section */
		FE1C7EDB2191276100829D86 /* Project object */ = {
			isa = PBXProject;
			attributes = {
				LastSwiftUpdateCheck = 0920;
				LastUpgradeCheck = 0920;
				ORGANIZATIONNAME = MoreriProject;
				TargetAttributes = {
					FE1C7EE22191276100829D86 = {
						CreatedOnToolsVersion = 9.2;
						ProvisioningStyle = Automatic;
					};
				};
			};
			buildConfigurationList = FE1C7EDE2191276100829D86 /* Build configuration list for PBXProject "Fetching and Parsing JSON" */;
			compatibilityVersion = "Xcode 8.0";
			developmentRegion = en;
			hasScannedForEncodings = 0;
			knownRegions = (
				en,
				Base,
			);
			mainGroup = FE1C7EDA2191276100829D86;
			productRefGroup = FE1C7EE42191276100829D86 /* Products */;
			projectDirPath = "";
			projectRoot = "";
			targets = (
				FE1C7EE22191276100829D86 /* Fetching and Parsing JSON */,
			);
		};
/* End PBXProject section */

/* Begin PBXResourcesBuildPhase section */
		FE1C7EE12191276100829D86 /* Resources */ = {
			isa = PBXResourcesBuildPhase;
			buildActionMask = 2147483647;
			files = (
				FE1C7EF12191276200829D86 /* LaunchScreen.storyboard in Resources */,
				FE1C7EEE2191276200829D86 /* Assets.xcassets in Resources */,
				FE1C7EEC2191276200829D86 /* Main.storyboard in Resources */,
			);
			runOnlyForDeploymentPostprocessing = 0;
		};
/* End PBXResourcesBuildPhase section */

/* Begin PBXSourcesBuildPhase section */
		FE1C7EDF2191276100829D86 /* Sources */ = {
			isa = PBXSourcesBuildPhase;
			buildActionMask = 2147483647;
			files = (
				FE1C7EE92191276100829D86 /* ViewController.swift in Sources */,
				FE2676012192EDEC004AEBFF /* NewsDetailController.swift in Sources */,
				FE1C7EE72191276100829D86 /* AppDelegate.swift in Sources */,
				FEF45BBC219270D9002EB348 /* Berita.swift in Sources */,
				FE1C7EF921912D2E00829D86 /* BeritaCell.swift in Sources */,
			);
			runOnlyForDeploymentPostprocessing = 0;
		};
/* End PBXSourcesBuildPhase section */

/* Begin PBXVariantGroup section */
		FE1C7EEA2191276200829D86 /* Main.storyboard */ = {
			isa = PBXVariantGroup;
			children = (
				FE1C7EEB2191276200829D86 /* Base */,
			);
			name = Main.storyboard;
			sourceTree = "<group>";
		};
		FE1C7EEF2191276200829D86 /* LaunchScreen.storyboard */ = {
			isa = PBXVariantGroup;
			children = (
				FE1C7EF02191276200829D86 /* Base */,
			);
			name = LaunchScreen.storyboard;
			sourceTree = "<group>";
		};
/* End PBXVariantGroup section */

/* Begin XCBuildConfiguration section */
		FE1C7EF32191276200829D86 /* Debug */ = {
			isa = XCBuildConfiguration;
			buildSettings = {
				ALWAYS_SEARCH_USER_PATHS = NO;
				CLANG_ANALYZER_NONNULL = YES;
				CLANG_ANALYZER_NUMBER_OBJECT_CONVERSION = YES_AGGRESSIVE;
				CLANG_CXX_LANGUAGE_STANDARD = "gnu++14";
				CLANG_CXX_LIBRARY = "libc++";
				CLANG_ENABLE_MODULES = YES;
				CLANG_ENABLE_OBJC_ARC = YES;
				CLANG_WARN_BLOCK_CAPTURE_AUTORELEASING = YES;
				CLANG_WARN_BOOL_CONVERSION = YES;
				CLANG_WARN_COMMA = YES;
				CLANG_WARN_CONSTANT_CONVERSION = YES;
				CLANG_WARN_DIRECT_OBJC_ISA_USAGE = YES_ERROR;
				CLANG_WARN_DOCUMENTATION_COMMENTS = YES;
				CLANG_WARN_EMPTY_BODY = YES;
				CLANG_WARN_ENUM_CONVERSION = YES;
				CLANG_WARN_INFINITE_RECURSION = YES;
				CLANG_WARN_INT_CONVERSION = YES;
				CLANG_WARN_NON_LITERAL_NULL_CONVERSION = YES;
				CLANG_WARN_OBJC_LITERAL_CONVERSION = YES;
				CLANG_WARN_OBJC_ROOT_CLASS = YES_ERROR;
				CLANG_WARN_RANGE_LOOP_ANALYSIS = YES;
				CLANG_WARN_STRICT_PROTOTYPES = YES;
				CLANG_WARN_SUSPICIOUS_MOVE = YES;
				CLANG_WARN_UNGUARDED_AVAILABILITY = YES_AGGRESSIVE;
				CLANG_WARN_UNREACHABLE_CODE = YES;
				CLANG_WARN__DUPLICATE_METHOD_MATCH = YES;
				CODE_SIGN_IDENTITY = "iPhone Developer";
				COPY_PHASE_STRIP = NO;
				DEBUG_INFORMATION_FORMAT = dwarf;
				ENABLE_STRICT_OBJC_MSGSEND = YES;
				ENABLE_TESTABILITY = YES;
				GCC_C_LANGUAGE_STANDARD = gnu11;
				GCC_DYNAMIC_NO_PIC = NO;
				GCC_NO_COMMON_BLOCKS = YES;
				GCC_OPTIMIZATION_LEVEL = 0;
				GCC_PREPROCESSOR_DEFINITIONS = (
					"DEBUG=1",
					"$(inherited)",
				);
				GCC_WARN_64_TO_32_BIT_CONVERSION = YES;
				GCC_WARN_ABOUT_RETURN_TYPE = YES_ERROR;
				GCC_WARN_UNDECLARED_SELECTOR = YES;
				GCC_WARN_UNINITIALIZED_AUTOS = YES_AGGRESSIVE;
				GCC_WARN_UNUSED_FUNCTION = YES;
				GCC_WARN_UNUSED_VARIABLE = YES;
				IPHONEOS_DEPLOYMENT_TARGET = 11.2;
				MTL_ENABLE_DEBUG_INFO = YES;
				ONLY_ACTIVE_ARCH = YES;
				SDKROOT = iphoneos;
				SWIFT_ACTIVE_COMPILATION_CONDITIONS = DEBUG;
				SWIFT_OPTIMIZATION_LEVEL = "-Onone";
			};
			name = Debug;
		};
		FE1C7EF42191276200829D86 /* Release */ = {
			isa = XCBuildConfiguration;
			buildSettings = {
				ALWAYS_SEARCH_USER_PATHS = NO;
				CLANG_ANALYZER_NONNULL = YES;
				CLANG_ANALYZER_NUMBER_OBJECT_CONVERSION = YES_AGGRESSIVE;
				CLANG_CXX_LANGUAGE_STANDARD = "gnu++14";
				CLANG_CXX_LIBRARY = "libc++";
				CLANG_ENABLE_MODULES = YES;
				CLANG_ENABLE_OBJC_ARC = YES;
				CLANG_WARN_BLOCK_CAPTURE_AUTORELEASING = YES;
				CLANG_WARN_BOOL_CONVERSION = YES;
				CLANG_WARN_COMMA = YES;
				CLANG_WARN_CONSTANT_CONVERSION = YES;
				CLANG_WARN_DIRECT_OBJC_ISA_USAGE = YES_ERROR;
				CLANG_WARN_DOCUMENTATION_COMMENTS = YES;
				CLANG_WARN_EMPTY_BODY = YES;
				CLANG_WARN_ENUM_CONVERSION = YES;
				CLANG_WARN_INFINITE_RECURSION = YES;
				CLANG_WARN_INT_CONVERSION = YES;
				CLANG_WARN_NON_LITERAL_NULL_CONVERSION = YES;
				CLANG_WARN_OBJC_LITERAL_CONVERSION = YES;
				CLANG_WARN_OBJC_ROOT_CLASS = YES_ERROR;
				CLANG_WARN_RANGE_LOOP_ANALYSIS = YES;
				CLANG_WARN_STRICT_PROTOTYPES = YES;
				CLANG_WARN_SUSPICIOUS_MOVE = YES;
				CLANG_WARN_UNGUARDED_AVAILABILITY = YES_AGGRESSIVE;
				CLANG_WARN_UNREACHABLE_CODE = YES;
				CLANG_WARN__DUPLICATE_METHOD_MATCH = YES;
				CODE_SIGN_IDENTITY = "iPhone Developer";
				COPY_PHASE_STRIP = NO;
				DEBUG_INFORMATION_FORMAT = "dwarf-with-dsym";
				ENABLE_NS_ASSERTIONS = NO;
				ENABLE_STRICT_OBJC_MSGSEND = YES;
				GCC_C_LANGUAGE_STANDARD = gnu11;
				GCC_NO_COMMON_BLOCKS = YES;
				GCC_WARN_64_TO_32_BIT_CONVERSION = YES;
				GCC_WARN_ABOUT_RETURN_TYPE = YES_ERROR;
				GCC_WARN_UNDECLARED_SELECTOR = YES;
				GCC_WARN_UNINITIALIZED_AUTOS = YES_AGGRESSIVE;
				GCC_WARN_UNUSED_FUNCTION = YES;
				GCC_WARN_UNUSED_VARIABLE = YES;
				IPHONEOS_DEPLOYMENT_TARGET = 11.2;
				MTL_ENABLE_DEBUG_INFO = NO;
				SDKROOT = iphoneos;
				SWIFT_OPTIMIZATION_LEVEL = "-Owholemodule";
				VALIDATE_PRODUCT = YES;
			};
			name = Release;
		};
		FE1C7EF62191276200829D86 /* Debug */ = {
			isa = XCBuildConfiguration;
			buildSettings = {
				ASSETCATALOG_COMPILER_APPICON_NAME = AppIcon;
				CODE_SIGN_STYLE = Automatic;
				DEVELOPMENT_TEAM = Y98RHN52WG;
				INFOPLIST_FILE = "Fetching and Parsing JSON/Info.plist";
				LD_RUNPATH_SEARCH_PATHS = "$(inherited) @executable_path/Frameworks";
				PRODUCT_BUNDLE_IDENTIFIER = "MoreriProject.Fetching-and-Parsing-JSON";
				PRODUCT_NAME = "$(TARGET_NAME)";
				SWIFT_VERSION = 4.0;
				TARGETED_DEVICE_FAMILY = "1,2";
			};
			name = Debug;
		};
		FE1C7EF72191276200829D86 /* Release */ = {
			isa = XCBuildConfiguration;
			buildSettings = {
				ASSETCATALOG_COMPILER_APPICON_NAME = AppIcon;
				CODE_SIGN_STYLE = Automatic;
				DEVELOPMENT_TEAM = Y98RHN52WG;
				INFOPLIST_FILE = "Fetching and Parsing JSON/Info.plist";
				LD_RUNPATH_SEARCH_PATHS = "$(inherited) @executable_path/Frameworks";
				PRODUCT_BUNDLE_IDENTIFIER = "MoreriProject.Fetching-and-Parsing-JSON";
				PRODUCT_NAME = "$(TARGET_NAME)";
				SWIFT_VERSION = 4.0;
				TARGETED_DEVICE_FAMILY = "1,2";
			};
			name = Release;
		};
/* End XCBuildConfiguration section */

/* Begin XCConfigurationList section */
		FE1C7EDE2191276100829D86 /* Build configuration list for PBXProject "Fetching and Parsing JSON" */ = {
			isa = XCConfigurationList;
			buildConfigurations = (
				FE1C7EF32191276200829D86 /* Debug */,
				FE1C7EF42191276200829D86 /* Release */,
			);
			defaultConfigurationIsVisible = 0;
			defaultConfigurationName = Release;
		};
		FE1C7EF52191276200829D86 /* Build configuration list for PBXNativeTarget "Fetching and Parsing JSON" */ = {
			isa = XCConfigurationList;
			buildConfigurations = (
				FE1C7EF62191276200829D86 /* Debug */,
				FE1C7EF72191276200829D86 /* Release */,
			);
			defaultConfigurationIsVisible = 0;
			defaultConfigurationName = Release;
		};
/* End XCConfigurationList section */
	};
	rootObject = FE1C7EDB2191276100829D86 /* Project object */;
}
